{
    "_meta": {
        "hash": {
            "sha256": "3f087fafbeb6790ad3965cdda2b08758138fe57ae6f320b31a8502d5f165a0dd"
        },
        "pipfile-spec": 6,
        "requires": {
            "python_version": "3.6"
        },
        "sources": [
            {
                "name": "pypi",
                "url": "https://pypi.org/simple",
                "verify_ssl": true
            }
        ]
    },
    "default": {
        "requests": {
            "hashes": [
                "sha256:156bf3ec27ba9ec7e0cf8fbe02808718099d218de403eb64a714d73ba1a29ab1"
            ],
            "index": "pypi",
            "version": "==1.2.3"
        },
        "setuptools-scm": {
            "hashes": [
                "sha256:1f11cb2eea431346d46589c2dafcafe2e7dc1c7b2c70bc4c3752d2048ad5c148",
                "sha256:bd25e1fb5e4d603dcf490f1fde40fb4c595b357795674c3e5cb7f6217ab39ea5"
            ],
            "index": "pypi",
            "version": "==3.3.3"
        }
    },
    "develop": {}
}
